
Microsoft Visual Studio Solution File, Format Version 12.00
# Visual Studio Version 17
VisualStudioVersion = 17.4.33103.184
MinimumVisualStudioVersion = 10.0.40219.1
Project("{9A19103F-16F7-4668-BE54-9A1E7A4F7556}") = "PTI.Microservices.Library.Sitemap", "PTI.Microservices.Library.Sitemap.csproj", "{8C3394F6-1424-497F-9E1C-1AEDE730E6A3}"
EndProject
Global
	GlobalSection(SolutionConfigurationPlatforms) = preSolution
		Debug|Any CPU = Debug|Any CPU
		Release|Any CPU = Release|Any CPU
	EndGlobalSection
	GlobalSection(ProjectConfigurationPlatforms) = postSolution
		{8C3394F6-1424-497F-9E1C-1AEDE730E6A3}.Debug|Any CPU.ActiveCfg = Debug|Any CPU
		{8C3394F6-1424-497F-9E1C-1AEDE730E6A3}.Debug|Any CPU.Build.0 = Debug|Any CPU
		{8C3394F6-1424-497F-9E1C-1AEDE730E6A3}.Release|Any CPU.ActiveCfg = Release|Any CPU
		{8C3394F6-1424-497F-9E1C-1AEDE730E6A3}.Release|Any CPU.Build.0 = Release|Any CPU
	EndGlobalSection
	GlobalSection(SolutionProperties) = preSolution
		HideSolutionNode = FALSE
	EndGlobalSection
	GlobalSection(ExtensibilityGlobals) = postSolution
		SolutionGuid = {A2DE0C85-E34D-41ED-9CF3-48782C583CC8}
	EndGlobalSection
EndGlobal
